{
  "lockfileVersion": 1,
  "workspaces": {
    "": {
      "devDependencies": {
        "tailwindcss": "^4.0.17",
      },
    },
  },
  "packages": {
    "tailwindcss": ["tailwindcss@4.0.17", "", {}, "sha512-OErSiGzRa6rLiOvaipsDZvLMSpsBZ4ysB4f0VKGXUrjw2jfkJRd6kjRKV2+ZmTCNvwtvgdDam5D7w6WXsdLJZw=="],
  }
}
